
Microsoft Visual Studio Solution File, Format Version 12.00
# Visual Studio Version 17
VisualStudioVersion = 17.2.32630.192
MinimumVisualStudioVersion = 10.0.40219.1
Project("{8BC9CEB8-8B4A-11D0-8D11-00A0C91BC942}") = "WeatherService", "WeatherService\WeatherService.vcxproj", "{87835303-D0C2-4423-AADF-81E409C6012B}"
EndProject
Global
	GlobalSection(SolutionConfigurationPlatforms) = preSolution
		Debug|x64 = Debug|x64
		Debug|x86 = Debug|x86
		Release|x64 = Release|x64
		Release|x86 = Release|x86
	EndGlobalSection
	GlobalSection(ProjectConfigurationPlatforms) = postSolution
		{87835303-D0C2-4423-AADF-81E409C6012B}.Debug|x64.ActiveCfg = Debug|x64
		{87835303-D0C2-4423-AADF-81E409C6012B}.Debug|x64.Build.0 = Debug|x64
		{87835303-D0C2-4423-AADF-81E409C6012B}.Debug|x86.ActiveCfg = Debug|Win32
		{87835303-D0C2-4423-AADF-81E409C6012B}.Debug|x86.Build.0 = Debug|Win32
		{87835303-D0C2-4423-AADF-81E409C6012B}.Release|x64.ActiveCfg = Release|x64
		{87835303-D0C2-4423-AADF-81E409C6012B}.Release|x64.Build.0 = Release|x64
		{87835303-D0C2-4423-AADF-81E409C6012B}.Release|x86.ActiveCfg = Release|Win32
		{87835303-D0C2-4423-AADF-81E409C6012B}.Release|x86.Build.0 = Release|Win32
	EndGlobalSection
	GlobalSection(SolutionProperties) = preSolution
		HideSolutionNode = FALSE
	EndGlobalSection
	GlobalSection(ExtensibilityGlobals) = postSolution
		SolutionGuid = {D7FD308A-DD6A-466B-87F6-2B371EAD5D33}
	EndGlobalSection
EndGlobal
